
Microsoft Visual Studio Solution File, Format Version 12.00
# Visual Studio Version 17
VisualStudioVersion = 17.0.32112.339
MinimumVisualStudioVersion = 10.0.40219.1
Project("{FAE04EC0-301F-11D3-BF4B-00C04F79EFBC}") = "ConsoleApp11", "ConsoleApp11\ConsoleApp11.csproj", "{B9121DF8-697B-4E56-88B4-E50AFD81BBC7}"
EndProject
Global
	GlobalSection(SolutionConfigurationPlatforms) = preSolution
		Debug|Any CPU = Debug|Any CPU
		Release|Any CPU = Release|Any CPU
	EndGlobalSection
	GlobalSection(ProjectConfigurationPlatforms) = postSolution
		{B9121DF8-697B-4E56-88B4-E50AFD81BBC7}.Debug|Any CPU.ActiveCfg = Debug|Any CPU
		{B9121DF8-697B-4E56-88B4-E50AFD81BBC7}.Debug|Any CPU.Build.0 = Debug|Any CPU
		{B9121DF8-697B-4E56-88B4-E50AFD81BBC7}.Release|Any CPU.ActiveCfg = Release|Any CPU
		{B9121DF8-697B-4E56-88B4-E50AFD81BBC7}.Release|Any CPU.Build.0 = Release|Any CPU
	EndGlobalSection
	GlobalSection(SolutionProperties) = preSolution
		HideSolutionNode = FALSE
	EndGlobalSection
	GlobalSection(ExtensibilityGlobals) = postSolution
		SolutionGuid = {DF8835F6-2F45-4C77-8E5E-FA661940EE07}
	EndGlobalSection
EndGlobal
